
Microsoft Visual Studio Solution File, Format Version 12.00
# Visual Studio Version 17
VisualStudioVersion = 17.7.34221.43
MinimumVisualStudioVersion = 10.0.40219.1
Project("{FAE04EC0-301F-11D3-BF4B-00C04F79EFBC}") = "4-homework", "4-homework\4-homework.csproj", "{4F6B27AA-E932-49E2-8122-510FC4914175}"
EndProject
Global
	GlobalSection(SolutionConfigurationPlatforms) = preSolution
		Debug|Any CPU = Debug|Any CPU
		Release|Any CPU = Release|Any CPU
	EndGlobalSection
	GlobalSection(ProjectConfigurationPlatforms) = postSolution
		{4F6B27AA-E932-49E2-8122-510FC4914175}.Debug|Any CPU.ActiveCfg = Debug|Any CPU
		{4F6B27AA-E932-49E2-8122-510FC4914175}.Debug|Any CPU.Build.0 = Debug|Any CPU
		{4F6B27AA-E932-49E2-8122-510FC4914175}.Release|Any CPU.ActiveCfg = Release|Any CPU
		{4F6B27AA-E932-49E2-8122-510FC4914175}.Release|Any CPU.Build.0 = Release|Any CPU
	EndGlobalSection
	GlobalSection(SolutionProperties) = preSolution
		HideSolutionNode = FALSE
	EndGlobalSection
	GlobalSection(ExtensibilityGlobals) = postSolution
		SolutionGuid = {CACCC591-F5CB-4EA8-B0FD-FA371E51630D}
	EndGlobalSection
EndGlobal
